// !$*UTF8*$!
{
	archiveVersion = 1;
	classes = {
	};
	objectVersion = 77;
	objects = {

/* Begin PBXBuildFile section */
		E67E01952E82C2FE0086B0FF /* CombineMoya in Frameworks */ = {isa = PBXBuildFile; productRef = E67E01942E82C2FE0086B0FF /* CombineMoya */; };
		E67E01972E82C2FE0086B0FF /* Moya in Frameworks */ = {isa = PBXBuildFile; productRef = E67E01962E82C2FE0086B0FF /* Moya */; };
		E67E01992E82C2FE0086B0FF /* ReactiveMoya in Frameworks */ = {isa = PBXBuildFile; productRef = E67E01982E82C2FE0086B0FF /* ReactiveMoya */; };
		E67E019B2E82C2FE0086B0FF /* RxMoya in Frameworks */ = {isa = PBXBuildFile; productRef = E67E019A2E82C2FE0086B0FF /* RxMoya */; };
/* End PBXBuildFile section */

/* Begin PBXContainerItemProxy section */
		E67E399C2E7BE49900837B12 /* PBXContainerItemProxy */ = {
			isa = PBXContainerItemProxy;
			containerPortal = E67E39842E7BE49300837B12 /* Project object */;
			proxyType = 1;
			remoteGlobalIDString = E67E398B2E7BE49300837B12;
			remoteInfo = GetCookingiOS;
		};
		E67E39A62E7BE49900837B12 /* PBXContainerItemProxy */ = {
			isa = PBXContainerItemProxy;
			containerPortal = E67E39842E7BE49300837B12 /* Project object */;
			proxyType = 1;
			remoteGlobalIDString = E67E398B2E7BE49300837B12;
			remoteInfo = GetCookingiOS;
		};
/* End PBXContainerItemProxy section */

/* Begin PBXFileReference section */
		E67E398C2E7BE49300837B12 /* GetCookingiOS.app */ = {isa = PBXFileReference; explicitFileType = wrapper.application; includeInIndex = 0; path = GetCookingiOS.app; sourceTree = BUILT_PRODUCTS_DIR; };
		E67E399B2E7BE49900837B12 /* GetCookingiOSTests.xctest */ = {isa = PBXFileReference; explicitFileType = wrapper.cfbundle; includeInIndex = 0; path = GetCookingiOSTests.xctest; sourceTree = BUILT_PRODUCTS_DIR; };
		E67E39A52E7BE49900837B12 /* GetCookingiOSUITests.xctest */ = {isa = PBXFileReference; explicitFileType = wrapper.cfbundle; includeInIndex = 0; path = GetCookingiOSUITests.xctest; sourceTree = BUILT_PRODUCTS_DIR; };
/* End PBXFileReference section */

/* Begin PBXFileSystemSynchronizedRootGroup section */
		E67E398E2E7BE49300837B12 /* GetCookingiOS */ = {
			isa = PBXFileSystemSynchronizedRootGroup;
			path = GetCookingiOS;
			sourceTree = "<group>";
		};
		E67E399E2E7BE49900837B12 /* GetCookingiOSTests */ = {
			isa = PBXFileSystemSynchronizedRootGroup;
			path = GetCookingiOSTests;
			sourceTree = "<group>";
		};
		E67E39A82E7BE49900837B12 /* GetCookingiOSUITests */ = {
			isa = PBXFileSystemSynchronizedRootGroup;
			path = GetCookingiOSUITests;
			sourceTree = "<group>";
		};
/* End PBXFileSystemSynchronizedRootGroup section */

/* Begin PBXFrameworksBuildPhase section */
		E67E39892E7BE49300837B12 /* Frameworks */ = {
			isa = PBXFrameworksBuildPhase;
			buildActionMask = 2147483647;
			files = (
				E67E01972E82C2FE0086B0FF /* Moya in Frameworks */,
				E67E01952E82C2FE0086B0FF /* CombineMoya in Frameworks */,
				E67E019B2E82C2FE0086B0FF /* RxMoya in Frameworks */,
				E67E01992E82C2FE0086B0FF /* ReactiveMoya in Frameworks */,
			);
			runOnlyForDeploymentPostprocessing = 0;
		};
		E67E39982E7BE49900837B12 /* Frameworks */ = {
			isa = PBXFrameworksBuildPhase;
			buildActionMask = 2147483647;
			files = (
			);
			runOnlyForDeploymentPostprocessing = 0;
		};
		E67E39A22E7BE49900837B12 /* Frameworks */ = {
			isa = PBXFrameworksBuildPhase;
			buildActionMask = 2147483647;
			files = (
			);
			runOnlyForDeploymentPostprocessing = 0;
		};
/* End PBXFrameworksBuildPhase section */

/* Begin PBXGroup section */
		E67E39832E7BE49300837B12 = {
			isa = PBXGroup;
			children = (
				E67E398E2E7BE49300837B12 /* GetCookingiOS */,
				E67E399E2E7BE49900837B12 /* GetCookingiOSTests */,
				E67E39A82E7BE49900837B12 /* GetCookingiOSUITests */,
				E67E398D2E7BE49300837B12 /* Products */,
			);
			sourceTree = "<group>";
		};
		E67E398D2E7BE49300837B12 /* Products */ = {
			isa = PBXGroup;
			children = (
				E67E398C2E7BE49300837B12 /* GetCookingiOS.app */,
				E67E399B2E7BE49900837B12 /* GetCookingiOSTests.xctest */,
				E67E39A52E7BE49900837B12 /* GetCookingiOSUITests.xctest */,
			);
			name = Products;
			sourceTree = "<group>";
		};
/* End PBXGroup section */

/* Begin PBXNativeTarget section */
		E67E398B2E7BE49300837B12 /* GetCookingiOS */ = {
			isa = PBXNativeTarget;
			buildConfigurationList = E67E39AF2E7BE49900837B12 /* Build configuration list for PBXNativeTarget "GetCookingiOS" */;
			buildPhases = (
				E67E39882E7BE49300837B12 /* Sources */,
				E67E39892E7BE49300837B12 /* Frameworks */,
				E67E398A2E7BE49300837B12 /* Resources */,
			);
			buildRules = (
			);
			dependencies = (
			);
			fileSystemSynchronizedGroups = (
				E67E398E2E7BE49300837B12 /* GetCookingiOS */,
			);
			name = GetCookingiOS;
			packageProductDependencies = (
				E67E01942E82C2FE0086B0FF /* CombineMoya */,
				E67E01962E82C2FE0086B0FF /* Moya */,
				E67E01982E82C2FE0086B0FF /* ReactiveMoya */,
				E67E019A2E82C2FE0086B0FF /* RxMoya */,
			);
			productName = GetCookingiOS;
			productReference = E67E398C2E7BE49300837B12 /* GetCookingiOS.app */;
			productType = "com.apple.product-type.application";
		};
		E67E399A2E7BE49900837B12 /* GetCookingiOSTests */ = {
			isa = PBXNativeTarget;
			buildConfigurationList = E67E39B22E7BE49900837B12 /* Build configuration list for PBXNativeTarget "GetCookingiOSTests" */;
			buildPhases = (
				E67E39972E7BE49900837B12 /* Sources */,
				E67E39982E7BE49900837B12 /* Frameworks */,
				E67E39992E7BE49900837B12 /* Resources */,
			);
			buildRules = (
			);
			dependencies = (
				E67E399D2E7BE49900837B12 /* PBXTargetDependency */,
			);
			fileSystemSynchronizedGroups = (
				E67E399E2E7BE49900837B12 /* GetCookingiOSTests */,
			);
			name = GetCookingiOSTests;
			packageProductDependencies = (
			);
			productName = GetCookingiOSTests;
			productReference = E67E399B2E7BE49900837B12 /* GetCookingiOSTests.xctest */;
			productType = "com.apple.product-type.bundle.unit-test";
		};
		E67E39A42E7BE49900837B12 /* GetCookingiOSUITests */ = {
			isa = PBXNativeTarget;
			buildConfigurationList = E67E39B52E7BE49900837B12 /* Build configuration list for PBXNativeTarget "GetCookingiOSUITests" */;
			buildPhases = (
				E67E39A12E7BE49900837B12 /* Sources */,
				E67E39A22E7BE49900837B12 /* Frameworks */,
				E67E39A32E7BE49900837B12 /* Resources */,
			);
			buildRules = (
			);
			dependencies = (
				E67E39A72E7BE49900837B12 /* PBXTargetDependency */,
			);
			fileSystemSynchronizedGroups = (
				E67E39A82E7BE49900837B12 /* GetCookingiOSUITests */,
			);
			name = GetCookingiOSUITests;
			packageProductDependencies = (
			);
			productName = GetCookingiOSUITests;
			productReference = E67E39A52E7BE49900837B12 /* GetCookingiOSUITests.xctest */;
			productType = "com.apple.product-type.bundle.ui-testing";
		};
/* End PBXNativeTarget section */

/* Begin PBXProject section */
		E67E39842E7BE49300837B12 /* Project object */ = {
			isa = PBXProject;
			attributes = {
				BuildIndependentTargetsInParallel = 1;
				LastSwiftUpdateCheck = 1630;
				LastUpgradeCheck = 1630;
				TargetAttributes = {
					E67E398B2E7BE49300837B12 = {
						CreatedOnToolsVersion = 16.3;
					};
					E67E399A2E7BE49900837B12 = {
						CreatedOnToolsVersion = 16.3;
						TestTargetID = E67E398B2E7BE49300837B12;
					};
					E67E39A42E7BE49900837B12 = {
						CreatedOnToolsVersion = 16.3;
						TestTargetID = E67E398B2E7BE49300837B12;
					};
				};
			};
			buildConfigurationList = E67E39872E7BE49300837B12 /* Build configuration list for PBXProject "GetCookingiOS" */;
			developmentRegion = en;
			hasScannedForEncodings = 0;
			knownRegions = (
				en,
				Base,
			);
			mainGroup = E67E39832E7BE49300837B12;
			minimizedProjectReferenceProxies = 1;
			packageReferences = (
				E67E01932E82C2FE0086B0FF /* XCRemoteSwiftPackageReference "Moya" */,
			);
			preferredProjectObjectVersion = 77;
			productRefGroup = E67E398D2E7BE49300837B12 /* Products */;
			projectDirPath = "";
			projectRoot = "";
			targets = (
				E67E398B2E7BE49300837B12 /* GetCookingiOS */,
				E67E399A2E7BE49900837B12 /* GetCookingiOSTests */,
				E67E39A42E7BE49900837B12 /* GetCookingiOSUITests */,
			);
		};
/* End PBXProject section */

/* Begin PBXResourcesBuildPhase section */
		E67E398A2E7BE49300837B12 /* Resources */ = {
			isa = PBXResourcesBuildPhase;
			buildActionMask = 2147483647;
			files = (
			);
			runOnlyForDeploymentPostprocessing = 0;
		};
		E67E39992E7BE49900837B12 /* Resources */ = {
			isa = PBXResourcesBuildPhase;
			buildActionMask = 2147483647;
			files = (
			);
			runOnlyForDeploymentPostprocessing = 0;
		};
		E67E39A32E7BE49900837B12 /* Resources */ = {
			isa = PBXResourcesBuildPhase;
			buildActionMask = 2147483647;
			files = (
			);
			runOnlyForDeploymentPostprocessing = 0;
		};
/* End PBXResourcesBuildPhase section */

/* Begin PBXSourcesBuildPhase section */
		E67E39882E7BE49300837B12 /* Sources */ = {
			isa = PBXSourcesBuildPhase;
			buildActionMask = 2147483647;
			files = (
			);
			runOnlyForDeploymentPostprocessing = 0;
		};
		E67E39972E7BE49900837B12 /* Sources */ = {
			isa = PBXSourcesBuildPhase;
			buildActionMask = 2147483647;
			files = (
			);
			runOnlyForDeploymentPostprocessing = 0;
		};
		E67E39A12E7BE49900837B12 /* Sources */ = {
			isa = PBXSourcesBuildPhase;
			buildActionMask = 2147483647;
			files = (
			);
			runOnlyForDeploymentPostprocessing = 0;
		};
/* End PBXSourcesBuildPhase section */

/* Begin PBXTargetDependency section */
		E67E399D2E7BE49900837B12 /* PBXTargetDependency */ = {
			isa = PBXTargetDependency;
			target = E67E398B2E7BE49300837B12 /* GetCookingiOS */;
			targetProxy = E67E399C2E7BE49900837B12 /* PBXContainerItemProxy */;
		};
		E67E39A72E7BE49900837B12 /* PBXTargetDependency */ = {
			isa = PBXTargetDependency;
			target = E67E398B2E7BE49300837B12 /* GetCookingiOS */;
			targetProxy = E67E39A62E7BE49900837B12 /* PBXContainerItemProxy */;
		};
/* End PBXTargetDependency section */

/* Begin XCBuildConfiguration section */
		E67E39AD2E7BE49900837B12 /* Debug */ = {
			isa = XCBuildConfiguration;
			buildSettings = {
				ALWAYS_SEARCH_USER_PATHS = NO;
				ASSETCATALOG_COMPILER_GENERATE_SWIFT_ASSET_SYMBOL_EXTENSIONS = YES;
				CLANG_ANALYZER_NONNULL = YES;
				CLANG_ANALYZER_NUMBER_OBJECT_CONVERSION = YES_AGGRESSIVE;
				CLANG_CXX_LANGUAGE_STANDARD = "gnu++20";
				CLANG_ENABLE_MODULES = YES;
				CLANG_ENABLE_OBJC_ARC = YES;
				CLANG_ENABLE_OBJC_WEAK = YES;
				CLANG_WARN_BLOCK_CAPTURE_AUTORELEASING = YES;
				CLANG_WARN_BOOL_CONVERSION = YES;
				CLANG_WARN_COMMA = YES;
				CLANG_WARN_CONSTANT_CONVERSION = YES;
				CLANG_WARN_DEPRECATED_OBJC_IMPLEMENTATIONS = YES;
				CLANG_WARN_DIRECT_OBJC_ISA_USAGE = YES_ERROR;
				CLANG_WARN_DOCUMENTATION_COMMENTS = YES;
				CLANG_WARN_EMPTY_BODY = YES;
				CLANG_WARN_ENUM_CONVERSION = YES;
				CLANG_WARN_INFINITE_RECURSION = YES;
				CLANG_WARN_INT_CONVERSION = YES;
				CLANG_WARN_NON_LITERAL_NULL_CONVERSION = YES;
				CLANG_WARN_OBJC_IMPLICIT_RETAIN_SELF = YES;
				CLANG_WARN_OBJC_LITERAL_CONVERSION = YES;
				CLANG_WARN_OBJC_ROOT_CLASS = YES_ERROR;
				CLANG_WARN_QUOTED_INCLUDE_IN_FRAMEWORK_HEADER = YES;
				CLANG_WARN_RANGE_LOOP_ANALYSIS = YES;
				CLANG_WARN_STRICT_PROTOTYPES = YES;
				CLANG_WARN_SUSPICIOUS_MOVE = YES;
				CLANG_WARN_UNGUARDED_AVAILABILITY = YES_AGGRESSIVE;
				CLANG_WARN_UNREACHABLE_CODE = YES;
				CLANG_WARN__DUPLICATE_METHOD_MATCH = YES;
				COPY_PHASE_STRIP = NO;
				DEBUG_INFORMATION_FORMAT = dwarf;
				DEVELOPMENT_TEAM = 23X3L39LGH;
				ENABLE_STRICT_OBJC_MSGSEND = YES;
				ENABLE_TESTABILITY = YES;
				ENABLE_USER_SCRIPT_SANDBOXING = YES;
				GCC_C_LANGUAGE_STANDARD = gnu17;
				GCC_DYNAMIC_NO_PIC = NO;
				GCC_NO_COMMON_BLOCKS = YES;
				GCC_OPTIMIZATION_LEVEL = 0;
				GCC_PREPROCESSOR_DEFINITIONS = (
					"DEBUG=1",
					"$(inherited)",
				);
				GCC_WARN_64_TO_32_BIT_CONVERSION = YES;
				GCC_WARN_ABOUT_RETURN_TYPE = YES_ERROR;
				GCC_WARN_UNDECLARED_SELECTOR = YES;
				GCC_WARN_UNINITIALIZED_AUTOS = YES_AGGRESSIVE;
				GCC_WARN_UNUSED_FUNCTION = YES;
				GCC_WARN_UNUSED_VARIABLE = YES;
				IPHONEOS_DEPLOYMENT_TARGET = 18.4;
				LOCALIZATION_PREFERS_STRING_CATALOGS = YES;
				MTL_ENABLE_DEBUG_INFO = INCLUDE_SOURCE;
				MTL_FAST_MATH = YES;
				ONLY_ACTIVE_ARCH = YES;
				SDKROOT = iphoneos;
				SWIFT_ACTIVE_COMPILATION_CONDITIONS = "DEBUG $(inherited)";
				SWIFT_OPTIMIZATION_LEVEL = "-Onone";
			};
			name = Debug;
		};
		E67E39AE2E7BE49900837B12 /* Release */ = {
			isa = XCBuildConfiguration;
			buildSettings = {
				ALWAYS_SEARCH_USER_PATHS = NO;
				ASSETCATALOG_COMPILER_GENERATE_SWIFT_ASSET_SYMBOL_EXTENSIONS = YES;
				CLANG_ANALYZER_NONNULL = YES;
				CLANG_ANALYZER_NUMBER_OBJECT_CONVERSION = YES_AGGRESSIVE;
				CLANG_CXX_LANGUAGE_STANDARD = "gnu++20";
				CLANG_ENABLE_MODULES = YES;
				CLANG_ENABLE_OBJC_ARC = YES;
				CLANG_ENABLE_OBJC_WEAK = YES;
				CLANG_WARN_BLOCK_CAPTURE_AUTORELEASING = YES;
				CLANG_WARN_BOOL_CONVERSION = YES;
				CLANG_WARN_COMMA = YES;
				CLANG_WARN_CONSTANT_CONVERSION = YES;
				CLANG_WARN_DEPRECATED_OBJC_IMPLEMENTATIONS = YES;
				CLANG_WARN_DIRECT_OBJC_ISA_USAGE = YES_ERROR;
				CLANG_WARN_DOCUMENTATION_COMMENTS = YES;
				CLANG_WARN_EMPTY_BODY = YES;
				CLANG_WARN_ENUM_CONVERSION = YES;
				CLANG_WARN_INFINITE_RECURSION = YES;
				CLANG_WARN_INT_CONVERSION = YES;
				CLANG_WARN_NON_LITERAL_NULL_CONVERSION = YES;
				CLANG_WARN_OBJC_IMPLICIT_RETAIN_SELF = YES;
				CLANG_WARN_OBJC_LITERAL_CONVERSION = YES;
				CLANG_WARN_OBJC_ROOT_CLASS = YES_ERROR;
				CLANG_WARN_QUOTED_INCLUDE_IN_FRAMEWORK_HEADER = YES;
				CLANG_WARN_RANGE_LOOP_ANALYSIS = YES;
				CLANG_WARN_STRICT_PROTOTYPES = YES;
				CLANG_WARN_SUSPICIOUS_MOVE = YES;
				CLANG_WARN_UNGUARDED_AVAILABILITY = YES_AGGRESSIVE;
				CLANG_WARN_UNREACHABLE_CODE = YES;
				CLANG_WARN__DUPLICATE_METHOD_MATCH = YES;
				COPY_PHASE_STRIP = NO;
				DEBUG_INFORMATION_FORMAT = "dwarf-with-dsym";
				DEVELOPMENT_TEAM = 23X3L39LGH;
				ENABLE_NS_ASSERTIONS = NO;
				ENABLE_STRICT_OBJC_MSGSEND = YES;
				ENABLE_USER_SCRIPT_SANDBOXING = YES;
				GCC_C_LANGUAGE_STANDARD = gnu17;
				GCC_NO_COMMON_BLOCKS = YES;
				GCC_WARN_64_TO_32_BIT_CONVERSION = YES;
				GCC_WARN_ABOUT_RETURN_TYPE = YES_ERROR;
				GCC_WARN_UNDECLARED_SELECTOR = YES;
				GCC_WARN_UNINITIALIZED_AUTOS = YES_AGGRESSIVE;
				GCC_WARN_UNUSED_FUNCTION = YES;
				GCC_WARN_UNUSED_VARIABLE = YES;
				IPHONEOS_DEPLOYMENT_TARGET = 18.4;
				LOCALIZATION_PREFERS_STRING_CATALOGS = YES;
				MTL_ENABLE_DEBUG_INFO = NO;
				MTL_FAST_MATH = YES;
				SDKROOT = iphoneos;
				SWIFT_COMPILATION_MODE = wholemodule;
				VALIDATE_PRODUCT = YES;
			};
			name = Release;
		};
		E67E39B02E7BE49900837B12 /* Debug */ = {
			isa = XCBuildConfiguration;
			buildSettings = {
				ASSETCATALOG_COMPILER_APPICON_NAME = AppIcon;
				ASSETCATALOG_COMPILER_GLOBAL_ACCENT_COLOR_NAME = AccentColor;
				CODE_SIGN_STYLE = Automatic;
				CURRENT_PROJECT_VERSION = 1;
				DEVELOPMENT_TEAM = 23X3L39LGH;
				ENABLE_PREVIEWS = YES;
				GENERATE_INFOPLIST_FILE = YES;
				INFOPLIST_KEY_UIApplicationSceneManifest_Generation = YES;
				INFOPLIST_KEY_UIApplicationSupportsIndirectInputEvents = YES;
				INFOPLIST_KEY_UILaunchScreen_Generation = YES;
				INFOPLIST_KEY_UISupportedInterfaceOrientations_iPad = "UIInterfaceOrientationPortrait UIInterfaceOrientationPortraitUpsideDown UIInterfaceOrientationLandscapeLeft UIInterfaceOrientationLandscapeRight";
				INFOPLIST_KEY_UISupportedInterfaceOrientations_iPhone = "UIInterfaceOrientationPortrait UIInterfaceOrientationLandscapeLeft UIInterfaceOrientationLandscapeRight";
				LD_RUNPATH_SEARCH_PATHS = (
					"$(inherited)",
					"@executable_path/Frameworks",
				);
				MARKETING_VERSION = 1.0;
				PRODUCT_BUNDLE_IDENTIFIER = com.get.cooking.GetCookingiOS;
				PRODUCT_NAME = "$(TARGET_NAME)";
				SWIFT_EMIT_LOC_STRINGS = YES;
				SWIFT_VERSION = 5.0;
				TARGETED_DEVICE_FAMILY = "1,2";
			};
			name = Debug;
		};
		E67E39B12E7BE49900837B12 /* Release */ = {
			isa = XCBuildConfiguration;
			buildSettings = {
				ASSETCATALOG_COMPILER_APPICON_NAME = AppIcon;
				ASSETCATALOG_COMPILER_GLOBAL_ACCENT_COLOR_NAME = AccentColor;
				CODE_SIGN_STYLE = Automatic;
				CURRENT_PROJECT_VERSION = 1;
				DEVELOPMENT_TEAM = 23X3L39LGH;
				ENABLE_PREVIEWS = YES;
				GENERATE_INFOPLIST_FILE = YES;
				INFOPLIST_KEY_UIApplicationSceneManifest_Generation = YES;
				INFOPLIST_KEY_UIApplicationSupportsIndirectInputEvents = YES;
				INFOPLIST_KEY_UILaunchScreen_Generation = YES;
				INFOPLIST_KEY_UISupportedInterfaceOrientations_iPad = "UIInterfaceOrientationPortrait UIInterfaceOrientationPortraitUpsideDown UIInterfaceOrientationLandscapeLeft UIInterfaceOrientationLandscapeRight";
				INFOPLIST_KEY_UISupportedInterfaceOrientations_iPhone = "UIInterfaceOrientationPortrait UIInterfaceOrientationLandscapeLeft UIInterfaceOrientationLandscapeRight";
				LD_RUNPATH_SEARCH_PATHS = (
					"$(inherited)",
					"@executable_path/Frameworks",
				);
				MARKETING_VERSION = 1.0;
				PRODUCT_BUNDLE_IDENTIFIER = com.get.cooking.GetCookingiOS;
				PRODUCT_NAME = "$(TARGET_NAME)";
				SWIFT_EMIT_LOC_STRINGS = YES;
				SWIFT_VERSION = 5.0;
				TARGETED_DEVICE_FAMILY = "1,2";
			};
			name = Release;
		};
		E67E39B32E7BE49900837B12 /* Debug */ = {
			isa = XCBuildConfiguration;
			buildSettings = {
				BUNDLE_LOADER = "$(TEST_HOST)";
				CODE_SIGN_STYLE = Automatic;
				CURRENT_PROJECT_VERSION = 1;
				DEVELOPMENT_TEAM = 23X3L39LGH;
				GENERATE_INFOPLIST_FILE = YES;
				IPHONEOS_DEPLOYMENT_TARGET = 18.4;
				MARKETING_VERSION = 1.0;
				PRODUCT_BUNDLE_IDENTIFIER = com.get.cooking.GetCookingiOSTests;
				PRODUCT_NAME = "$(TARGET_NAME)";
				SWIFT_EMIT_LOC_STRINGS = NO;
				SWIFT_VERSION = 5.0;
				TARGETED_DEVICE_FAMILY = "1,2";
				TEST_HOST = "$(BUILT_PRODUCTS_DIR)/GetCookingiOS.app/$(BUNDLE_EXECUTABLE_FOLDER_PATH)/GetCookingiOS";
			};
			name = Debug;
		};
		E67E39B42E7BE49900837B12 /* Release */ = {
			isa = XCBuildConfiguration;
			buildSettings = {
				BUNDLE_LOADER = "$(TEST_HOST)";
				CODE_SIGN_STYLE = Automatic;
				CURRENT_PROJECT_VERSION = 1;
				DEVELOPMENT_TEAM = 23X3L39LGH;
				GENERATE_INFOPLIST_FILE = YES;
				IPHONEOS_DEPLOYMENT_TARGET = 18.4;
				MARKETING_VERSION = 1.0;
				PRODUCT_BUNDLE_IDENTIFIER = com.get.cooking.GetCookingiOSTests;
				PRODUCT_NAME = "$(TARGET_NAME)";
				SWIFT_EMIT_LOC_STRINGS = NO;
				SWIFT_VERSION = 5.0;
				TARGETED_DEVICE_FAMILY = "1,2";
				TEST_HOST = "$(BUILT_PRODUCTS_DIR)/GetCookingiOS.app/$(BUNDLE_EXECUTABLE_FOLDER_PATH)/GetCookingiOS";
			};
			name = Release;
		};
		E67E39B62E7BE49900837B12 /* Debug */ = {
			isa = XCBuildConfiguration;
			buildSettings = {
				CODE_SIGN_STYLE = Automatic;
				CURRENT_PROJECT_VERSION = 1;
				DEVELOPMENT_TEAM = 23X3L39LGH;
				GENERATE_INFOPLIST_FILE = YES;
				MARKETING_VERSION = 1.0;
				PRODUCT_BUNDLE_IDENTIFIER = com.get.cooking.GetCookingiOSUITests;
				PRODUCT_NAME = "$(TARGET_NAME)";
				SWIFT_EMIT_LOC_STRINGS = NO;
				SWIFT_VERSION = 5.0;
				TARGETED_DEVICE_FAMILY = "1,2";
				TEST_TARGET_NAME = GetCookingiOS;
			};
			name = Debug;
		};
		E67E39B72E7BE49900837B12 /* Release */ = {
			isa = XCBuildConfiguration;
			buildSettings = {
				CODE_SIGN_STYLE = Automatic;
				CURRENT_PROJECT_VERSION = 1;
				DEVELOPMENT_TEAM = 23X3L39LGH;
				GENERATE_INFOPLIST_FILE = YES;
				MARKETING_VERSION = 1.0;
				PRODUCT_BUNDLE_IDENTIFIER = com.get.cooking.GetCookingiOSUITests;
				PRODUCT_NAME = "$(TARGET_NAME)";
				SWIFT_EMIT_LOC_STRINGS = NO;
				SWIFT_VERSION = 5.0;
				TARGETED_DEVICE_FAMILY = "1,2";
				TEST_TARGET_NAME = GetCookingiOS;
			};
			name = Release;
		};
/* End XCBuildConfiguration section */

/* Begin XCConfigurationList section */
		E67E39872E7BE49300837B12 /* Build configuration list for PBXProject "GetCookingiOS" */ = {
			isa = XCConfigurationList;
			buildConfigurations = (
				E67E39AD2E7BE49900837B12 /* Debug */,
				E67E39AE2E7BE49900837B12 /* Release */,
			);
			defaultConfigurationIsVisible = 0;
			defaultConfigurationName = Release;
		};
		E67E39AF2E7BE49900837B12 /* Build configuration list for PBXNativeTarget "GetCookingiOS" */ = {
			isa = XCConfigurationList;
			buildConfigurations = (
				E67E39B02E7BE49900837B12 /* Debug */,
				E67E39B12E7BE49900837B12 /* Release */,
			);
			defaultConfigurationIsVisible = 0;
			defaultConfigurationName = Release;
		};
		E67E39B22E7BE49900837B12 /* Build configuration list for PBXNativeTarget "GetCookingiOSTests" */ = {
			isa = XCConfigurationList;
			buildConfigurations = (
				E67E39B32E7BE49900837B12 /* Debug */,
				E67E39B42E7BE49900837B12 /* Release */,
			);
			defaultConfigurationIsVisible = 0;
			defaultConfigurationName = Release;
		};
		E67E39B52E7BE49900837B12 /* Build configuration list for PBXNativeTarget "GetCookingiOSUITests" */ = {
			isa = XCConfigurationList;
			buildConfigurations = (
				E67E39B62E7BE49900837B12 /* Debug */,
				E67E39B72E7BE49900837B12 /* Release */,
			);
			defaultConfigurationIsVisible = 0;
			defaultConfigurationName = Release;
		};
/* End XCConfigurationList section */

/* Begin XCRemoteSwiftPackageReference section */
		E67E01932E82C2FE0086B0FF /* XCRemoteSwiftPackageReference "Moya" */ = {
			isa = XCRemoteSwiftPackageReference;
			repositoryURL = "https://github.com/Moya/Moya.git";
			requirement = {
				kind = exactVersion;
				version = 15.0.3;
			};
		};
/* End XCRemoteSwiftPackageReference section */

/* Begin XCSwiftPackageProductDependency section */
		E67E01942E82C2FE0086B0FF /* CombineMoya */ = {
			isa = XCSwiftPackageProductDependency;
			package = E67E01932E82C2FE0086B0FF /* XCRemoteSwiftPackageReference "Moya" */;
			productName = CombineMoya;
		};
		E67E01962E82C2FE0086B0FF /* Moya */ = {
			isa = XCSwiftPackageProductDependency;
			package = E67E01932E82C2FE0086B0FF /* XCRemoteSwiftPackageReference "Moya" */;
			productName = Moya;
		};
		E67E01982E82C2FE0086B0FF /* ReactiveMoya */ = {
			isa = XCSwiftPackageProductDependency;
			package = E67E01932E82C2FE0086B0FF /* XCRemoteSwiftPackageReference "Moya" */;
			productName = ReactiveMoya;
		};
		E67E019A2E82C2FE0086B0FF /* RxMoya */ = {
			isa = XCSwiftPackageProductDependency;
			package = E67E01932E82C2FE0086B0FF /* XCRemoteSwiftPackageReference "Moya" */;
			productName = RxMoya;
		};
/* End XCSwiftPackageProductDependency section */
	};
	rootObject = E67E39842E7BE49300837B12 /* Project object */;
}
